// !$*UTF8*$!
{
	archiveVersion = 1;
	classes = {
	};
	objectVersion = 55;
	objects = {

/* Begin PBXBuildFile section */
		507D6C1C2898EB0400564093 /* Attachment+CoreDataProperties.swift in Sources */ = {isa = PBXBuildFile; fileRef = 507D6C1A2898EB0400564093 /* Attachment+CoreDataProperties.swift */; };
		509561A2289795BE0044FEE8 /* Entry+CoreDataClass.swift in Sources */ = {isa = PBXBuildFile; fileRef = 5095619C289795BE0044FEE8 /* Entry+CoreDataClass.swift */; };
		509561A4289795BE0044FEE8 /* Attachment+CoreDataClass.swift in Sources */ = {isa = PBXBuildFile; fileRef = 5095619E289795BE0044FEE8 /* Attachment+CoreDataClass.swift */; };
		509C4E3A2884539100F629F2 /* CoreDataStack.swift in Sources */ = {isa = PBXBuildFile; fileRef = 509C4E392884539100F629F2 /* CoreDataStack.swift */; };
		509C4E87288FAE7C00F629F2 /* DetailViewController.swift in Sources */ = {isa = PBXBuildFile; fileRef = 509C4E86288FAE7C00F629F2 /* DetailViewController.swift */; };
		50D1A20428A376C800836279 /* ContentView.swift in Sources */ = {isa = PBXBuildFile; fileRef = 50D1A20328A376C800836279 /* ContentView.swift */; };
		50D1A20628A37E5500836279 /* ReplyToView.swift in Sources */ = {isa = PBXBuildFile; fileRef = 50D1A20528A37E5500836279 /* ReplyToView.swift */; };
		50D1A20828A37E5D00836279 /* RepliesView.swift in Sources */ = {isa = PBXBuildFile; fileRef = 50D1A20728A37E5D00836279 /* RepliesView.swift */; };
		50D1A20A28A37E6D00836279 /* EntryEditorView.swift in Sources */ = {isa = PBXBuildFile; fileRef = 50D1A20928A37E6D00836279 /* EntryEditorView.swift */; };
		50D1A20C28A7F4A800836279 /* Entry+CoreDataProperties.swift in Sources */ = {isa = PBXBuildFile; fileRef = 50D1A20B28A7F4A800836279 /* Entry+CoreDataProperties.swift */; };
		50EBA02328914A38003C296C /* Help.swift in Sources */ = {isa = PBXBuildFile; fileRef = 50EBA02228914A38003C296C /* Help.swift */; };
		50FF1D9C28681A6B00EE5B51 /* AppDelegate.swift in Sources */ = {isa = PBXBuildFile; fileRef = 50FF1D9B28681A6B00EE5B51 /* AppDelegate.swift */; };
		50FF1D9E28681A6B00EE5B51 /* SceneDelegate.swift in Sources */ = {isa = PBXBuildFile; fileRef = 50FF1D9D28681A6B00EE5B51 /* SceneDelegate.swift */; };
		50FF1DA028681A6B00EE5B51 /* EntryListViewController.swift in Sources */ = {isa = PBXBuildFile; fileRef = 50FF1D9F28681A6B00EE5B51 /* EntryListViewController.swift */; };
		50FF1DA628681A6B00EE5B51 /* Flash_UIKit.xcdatamodeld in Sources */ = {isa = PBXBuildFile; fileRef = 50FF1DA428681A6B00EE5B51 /* Flash_UIKit.xcdatamodeld */; };
		50FF1DA828681A6D00EE5B51 /* Assets.xcassets in Resources */ = {isa = PBXBuildFile; fileRef = 50FF1DA728681A6D00EE5B51 /* Assets.xcassets */; };
		50FF1DAB28681A6D00EE5B51 /* LaunchScreen.storyboard in Resources */ = {isa = PBXBuildFile; fileRef = 50FF1DA928681A6D00EE5B51 /* LaunchScreen.storyboard */; };
		50FF1DB42868253100EE5B51 /* EntryTableViewCell.swift in Sources */ = {isa = PBXBuildFile; fileRef = 50FF1DB32868253100EE5B51 /* EntryTableViewCell.swift */; };
		66EBAF6E0C9ED97FCFDCA571 /* Pods_Inbox.framework in Frameworks */ = {isa = PBXBuildFile; fileRef = B74EB7B012039C1ACA13E40A /* Pods_Inbox.framework */; };
/* End PBXBuildFile section */

/* Begin PBXFileReference section */
		1CA7EB5F2FD7C0D16E434301 /* Pods-Inbox.release.xcconfig */ = {isa = PBXFileReference; includeInIndex = 1; lastKnownFileType = text.xcconfig; name = "Pods-Inbox.release.xcconfig"; path = "Target Support Files/Pods-Inbox/Pods-Inbox.release.xcconfig"; sourceTree = "<group>"; };
		507D6C1A2898EB0400564093 /* Attachment+CoreDataProperties.swift */ = {isa = PBXFileReference; lastKnownFileType = sourcecode.swift; path = "Attachment+CoreDataProperties.swift"; sourceTree = "<group>"; };
		5095619C289795BE0044FEE8 /* Entry+CoreDataClass.swift */ = {isa = PBXFileReference; lastKnownFileType = sourcecode.swift; path = "Entry+CoreDataClass.swift"; sourceTree = "<group>"; };
		5095619E289795BE0044FEE8 /* Attachment+CoreDataClass.swift */ = {isa = PBXFileReference; lastKnownFileType = sourcecode.swift; path = "Attachment+CoreDataClass.swift"; sourceTree = "<group>"; };
		509C4E392884539100F629F2 /* CoreDataStack.swift */ = {isa = PBXFileReference; lastKnownFileType = sourcecode.swift; path = CoreDataStack.swift; sourceTree = "<group>"; };
		509C4E6028845A0F00F629F2 /* 1.0.0.xcdatamodel */ = {isa = PBXFileReference; lastKnownFileType = wrapper.xcdatamodel; path = 1.0.0.xcdatamodel; sourceTree = "<group>"; };
		509C4E86288FAE7C00F629F2 /* DetailViewController.swift */ = {isa = PBXFileReference; lastKnownFileType = sourcecode.swift; path = DetailViewController.swift; sourceTree = "<group>"; };
		50D1A20328A376C800836279 /* ContentView.swift */ = {isa = PBXFileReference; lastKnownFileType = sourcecode.swift; path = ContentView.swift; sourceTree = "<group>"; };
		50D1A20528A37E5500836279 /* ReplyToView.swift */ = {isa = PBXFileReference; lastKnownFileType = sourcecode.swift; path = ReplyToView.swift; sourceTree = "<group>"; };
		50D1A20728A37E5D00836279 /* RepliesView.swift */ = {isa = PBXFileReference; lastKnownFileType = sourcecode.swift; path = RepliesView.swift; sourceTree = "<group>"; };
		50D1A20928A37E6D00836279 /* EntryEditorView.swift */ = {isa = PBXFileReference; lastKnownFileType = sourcecode.swift; path = EntryEditorView.swift; sourceTree = "<group>"; };
		50D1A20B28A7F4A800836279 /* Entry+CoreDataProperties.swift */ = {isa = PBXFileReference; lastKnownFileType = sourcecode.swift; path = "Entry+CoreDataProperties.swift"; sourceTree = "<group>"; };
		50EBA02228914A38003C296C /* Help.swift */ = {isa = PBXFileReference; lastKnownFileType = sourcecode.swift; path = Help.swift; sourceTree = "<group>"; };
		50FF1D9828681A6B00EE5B51 /* Inbox.app */ = {isa = PBXFileReference; explicitFileType = wrapper.application; includeInIndex = 0; path = Inbox.app; sourceTree = BUILT_PRODUCTS_DIR; };
		50FF1D9B28681A6B00EE5B51 /* AppDelegate.swift */ = {isa = PBXFileReference; lastKnownFileType = sourcecode.swift; path = AppDelegate.swift; sourceTree = "<group>"; };
		50FF1D9D28681A6B00EE5B51 /* SceneDelegate.swift */ = {isa = PBXFileReference; lastKnownFileType = sourcecode.swift; path = SceneDelegate.swift; sourceTree = "<group>"; };
		50FF1D9F28681A6B00EE5B51 /* EntryListViewController.swift */ = {isa = PBXFileReference; lastKnownFileType = sourcecode.swift; path = EntryListViewController.swift; sourceTree = "<group>"; };
		50FF1DA528681A6B00EE5B51 /* Flash_UIKit.xcdatamodel */ = {isa = PBXFileReference; lastKnownFileType = wrapper.xcdatamodel; path = Flash_UIKit.xcdatamodel; sourceTree = "<group>"; };
		50FF1DA728681A6D00EE5B51 /* Assets.xcassets */ = {isa = PBXFileReference; lastKnownFileType = folder.assetcatalog; path = Assets.xcassets; sourceTree = "<group>"; };
		50FF1DAA28681A6D00EE5B51 /* Base */ = {isa = PBXFileReference; lastKnownFileType = file.storyboard; name = Base; path = Base.lproj/LaunchScreen.storyboard; sourceTree = "<group>"; };
		50FF1DAC28681A6D00EE5B51 /* Info.plist */ = {isa = PBXFileReference; lastKnownFileType = text.plist.xml; path = Info.plist; sourceTree = "<group>"; };
		50FF1DB32868253100EE5B51 /* EntryTableViewCell.swift */ = {isa = PBXFileReference; lastKnownFileType = sourcecode.swift; path = EntryTableViewCell.swift; sourceTree = "<group>"; };
		B74EB7B012039C1ACA13E40A /* Pods_Inbox.framework */ = {isa = PBXFileReference; explicitFileType = wrapper.framework; includeInIndex = 0; path = Pods_Inbox.framework; sourceTree = BUILT_PRODUCTS_DIR; };
		BAFE4F3DBB4B52746115A450 /* Pods-Flash-UIKit.debug.xcconfig */ = {isa = PBXFileReference; includeInIndex = 1; lastKnownFileType = text.xcconfig; name = "Pods-Flash-UIKit.debug.xcconfig"; path = "Target Support Files/Pods-Flash-UIKit/Pods-Flash-UIKit.debug.xcconfig"; sourceTree = "<group>"; };
		DC71E5ECF6276BDE05EF9364 /* Pods-Flash-UIKit.release.xcconfig */ = {isa = PBXFileReference; includeInIndex = 1; lastKnownFileType = text.xcconfig; name = "Pods-Flash-UIKit.release.xcconfig"; path = "Target Support Files/Pods-Flash-UIKit/Pods-Flash-UIKit.release.xcconfig"; sourceTree = "<group>"; };
		F8AC478B1A089A64B904589D /* Pods-Inbox.debug.xcconfig */ = {isa = PBXFileReference; includeInIndex = 1; lastKnownFileType = text.xcconfig; name = "Pods-Inbox.debug.xcconfig"; path = "Target Support Files/Pods-Inbox/Pods-Inbox.debug.xcconfig"; sourceTree = "<group>"; };
/* End PBXFileReference section */

/* Begin PBXFrameworksBuildPhase section */
		50FF1D9528681A6B00EE5B51 /* Frameworks */ = {
			isa = PBXFrameworksBuildPhase;
			buildActionMask = 2147483647;
			files = (
				66EBAF6E0C9ED97FCFDCA571 /* Pods_Inbox.framework in Frameworks */,
			);
			runOnlyForDeploymentPostprocessing = 0;
		};
/* End PBXFrameworksBuildPhase section */

/* Begin PBXGroup section */
		070C6A9AEDE3BCF568B3F2AD /* Pods */ = {
			isa = PBXGroup;
			children = (
				BAFE4F3DBB4B52746115A450 /* Pods-Flash-UIKit.debug.xcconfig */,
				DC71E5ECF6276BDE05EF9364 /* Pods-Flash-UIKit.release.xcconfig */,
				F8AC478B1A089A64B904589D /* Pods-Inbox.debug.xcconfig */,
				1CA7EB5F2FD7C0D16E434301 /* Pods-Inbox.release.xcconfig */,
			);
			path = Pods;
			sourceTree = "<group>";
		};
		509C4E3B288458DD00F629F2 /* Model */ = {
			isa = PBXGroup;
			children = (
				50D1A20B28A7F4A800836279 /* Entry+CoreDataProperties.swift */,
				507D6C1A2898EB0400564093 /* Attachment+CoreDataProperties.swift */,
				5095619C289795BE0044FEE8 /* Entry+CoreDataClass.swift */,
				5095619E289795BE0044FEE8 /* Attachment+CoreDataClass.swift */,
			);
			path = Model;
			sourceTree = "<group>";
		};
		509C4E7D2885200F00F629F2 /* EntryList */ = {
			isa = PBXGroup;
			children = (
				50FF1D9F28681A6B00EE5B51 /* EntryListViewController.swift */,
				50FF1DB32868253100EE5B51 /* EntryTableViewCell.swift */,
			);
			path = EntryList;
			sourceTree = "<group>";
		};
		509C4E7E2886732D00F629F2 /* Editor */ = {
			isa = PBXGroup;
			children = (
				50D1A20928A37E6D00836279 /* EntryEditorView.swift */,
			);
			path = Editor;
			sourceTree = "<group>";
		};
		509C4E85288FAE6300F629F2 /* Details */ = {
			isa = PBXGroup;
			children = (
				509C4E86288FAE7C00F629F2 /* DetailViewController.swift */,
				50D1A20328A376C800836279 /* ContentView.swift */,
				50D1A20528A37E5500836279 /* ReplyToView.swift */,
				50D1A20728A37E5D00836279 /* RepliesView.swift */,
			);
			path = Details;
			sourceTree = "<group>";
		};
		50EBA020289149E8003C296C /* Helper */ = {
			isa = PBXGroup;
			children = (
				50EBA02228914A38003C296C /* Help.swift */,
			);
			path = Helper;
			sourceTree = "<group>";
		};
		50EBA021289149EF003C296C /* Resources */ = {
			isa = PBXGroup;
			children = (
				50FF1D9B28681A6B00EE5B51 /* AppDelegate.swift */,
				509C4E392884539100F629F2 /* CoreDataStack.swift */,
				50FF1D9D28681A6B00EE5B51 /* SceneDelegate.swift */,
				50FF1DA728681A6D00EE5B51 /* Assets.xcassets */,
				50FF1DA928681A6D00EE5B51 /* LaunchScreen.storyboard */,
				50FF1DA428681A6B00EE5B51 /* Flash_UIKit.xcdatamodeld */,
			);
			path = Resources;
			sourceTree = "<group>";
		};
		50FF1D8F28681A6B00EE5B51 = {
			isa = PBXGroup;
			children = (
				50FF1D9A28681A6B00EE5B51 /* Inbox */,
				50FF1D9928681A6B00EE5B51 /* Products */,
				070C6A9AEDE3BCF568B3F2AD /* Pods */,
				D740C5FDD988DDD6DCD06DF1 /* Frameworks */,
			);
			sourceTree = "<group>";
		};
		50FF1D9928681A6B00EE5B51 /* Products */ = {
			isa = PBXGroup;
			children = (
				50FF1D9828681A6B00EE5B51 /* Inbox.app */,
			);
			name = Products;
			sourceTree = "<group>";
		};
		50FF1D9A28681A6B00EE5B51 /* Inbox */ = {
			isa = PBXGroup;
			children = (
				509C4E3B288458DD00F629F2 /* Model */,
				50FF1DB22868251100EE5B51 /* View */,
				50EBA020289149E8003C296C /* Helper */,
				50EBA021289149EF003C296C /* Resources */,
				50FF1DAC28681A6D00EE5B51 /* Info.plist */,
			);
			path = Inbox;
			sourceTree = "<group>";
		};
		50FF1DB22868251100EE5B51 /* View */ = {
			isa = PBXGroup;
			children = (
				509C4E85288FAE6300F629F2 /* Details */,
				509C4E7E2886732D00F629F2 /* Editor */,
				509C4E7D2885200F00F629F2 /* EntryList */,
			);
			path = View;
			sourceTree = "<group>";
		};
		D740C5FDD988DDD6DCD06DF1 /* Frameworks */ = {
			isa = PBXGroup;
			children = (
				B74EB7B012039C1ACA13E40A /* Pods_Inbox.framework */,
			);
			name = Frameworks;
			sourceTree = "<group>";
		};
/* End PBXGroup section */

/* Begin PBXNativeTarget section */
		50FF1D9728681A6B00EE5B51 /* Inbox */ = {
			isa = PBXNativeTarget;
			buildConfigurationList = 50FF1DAF28681A6D00EE5B51 /* Build configuration list for PBXNativeTarget "Inbox" */;
			buildPhases = (
				24269BE2201DD6358C1B7232 /* [CP] Check Pods Manifest.lock */,
				50FF1D9428681A6B00EE5B51 /* Sources */,
				50FF1D9528681A6B00EE5B51 /* Frameworks */,
				50FF1D9628681A6B00EE5B51 /* Resources */,
				B1DECB92B1EAE7FB6A0B1BF8 /* [CP] Embed Pods Frameworks */,
			);
			buildRules = (
			);
			dependencies = (
			);
			name = Inbox;
			productName = "Flash-UIKit";
			productReference = 50FF1D9828681A6B00EE5B51 /* Inbox.app */;
			productType = "com.apple.product-type.application";
		};
/* End PBXNativeTarget section */

/* Begin PBXProject section */
		50FF1D9028681A6B00EE5B51 /* Project object */ = {
			isa = PBXProject;
			attributes = {
				BuildIndependentTargetsInParallel = 1;
				LastSwiftUpdateCheck = 1340;
				LastUpgradeCheck = 1340;
				TargetAttributes = {
					50FF1D9728681A6B00EE5B51 = {
						CreatedOnToolsVersion = 13.4.1;
					};
				};
			};
			buildConfigurationList = 50FF1D9328681A6B00EE5B51 /* Build configuration list for PBXProject "Inbox" */;
			compatibilityVersion = "Xcode 13.0";
			developmentRegion = en;
			hasScannedForEncodings = 0;
			knownRegions = (
				en,
				Base,
			);
			mainGroup = 50FF1D8F28681A6B00EE5B51;
			productRefGroup = 50FF1D9928681A6B00EE5B51 /* Products */;
			projectDirPath = "";
			projectRoot = "";
			targets = (
				50FF1D9728681A6B00EE5B51 /* Inbox */,
			);
		};
/* End PBXProject section */

/* Begin PBXResourcesBuildPhase section */
		50FF1D9628681A6B00EE5B51 /* Resources */ = {
			isa = PBXResourcesBuildPhase;
			buildActionMask = 2147483647;
			files = (
				50FF1DAB28681A6D00EE5B51 /* LaunchScreen.storyboard in Resources */,
				50FF1DA828681A6D00EE5B51 /* Assets.xcassets in Resources */,
			);
			runOnlyForDeploymentPostprocessing = 0;
		};
/* End PBXResourcesBuildPhase section */

/* Begin PBXShellScriptBuildPhase section */
		24269BE2201DD6358C1B7232 /* [CP] Check Pods Manifest.lock */ = {
			isa = PBXShellScriptBuildPhase;
			buildActionMask = 2147483647;
			files = (
			);
			inputFileListPaths = (
			);
			inputPaths = (
				"${PODS_PODFILE_DIR_PATH}/Podfile.lock",
				"${PODS_ROOT}/Manifest.lock",
			);
			name = "[CP] Check Pods Manifest.lock";
			outputFileListPaths = (
			);
			outputPaths = (
				"$(DERIVED_FILE_DIR)/Pods-Inbox-checkManifestLockResult.txt",
			);
			runOnlyForDeploymentPostprocessing = 0;
			shellPath = /bin/sh;
			shellScript = "diff \"${PODS_PODFILE_DIR_PATH}/Podfile.lock\" \"${PODS_ROOT}/Manifest.lock\" > /dev/null\nif [ $? != 0 ] ; then\n    # print error to STDERR\n    echo \"error: The sandbox is not in sync with the Podfile.lock. Run 'pod install' or update your CocoaPods installation.\" >&2\n    exit 1\nfi\n# This output is used by Xcode 'outputs' to avoid re-running this script phase.\necho \"SUCCESS\" > \"${SCRIPT_OUTPUT_FILE_0}\"\n";
			showEnvVarsInLog = 0;
		};
		B1DECB92B1EAE7FB6A0B1BF8 /* [CP] Embed Pods Frameworks */ = {
			isa = PBXShellScriptBuildPhase;
			buildActionMask = 2147483647;
			files = (
			);
			inputFileListPaths = (
				"${PODS_ROOT}/Target Support Files/Pods-Inbox/Pods-Inbox-frameworks-${CONFIGURATION}-input-files.xcfilelist",
			);
			name = "[CP] Embed Pods Frameworks";
			outputFileListPaths = (
				"${PODS_ROOT}/Target Support Files/Pods-Inbox/Pods-Inbox-frameworks-${CONFIGURATION}-output-files.xcfilelist",
			);
			runOnlyForDeploymentPostprocessing = 0;
			shellPath = /bin/sh;
			shellScript = "\"${PODS_ROOT}/Target Support Files/Pods-Inbox/Pods-Inbox-frameworks.sh\"\n";
			showEnvVarsInLog = 0;
		};
/* End PBXShellScriptBuildPhase section */

/* Begin PBXSourcesBuildPhase section */
		50FF1D9428681A6B00EE5B51 /* Sources */ = {
			isa = PBXSourcesBuildPhase;
			buildActionMask = 2147483647;
			files = (
				50D1A20C28A7F4A800836279 /* Entry+CoreDataProperties.swift in Sources */,
				509C4E3A2884539100F629F2 /* CoreDataStack.swift in Sources */,
				50FF1DA028681A6B00EE5B51 /* EntryListViewController.swift in Sources */,
				50D1A20828A37E5D00836279 /* RepliesView.swift in Sources */,
				50FF1DB42868253100EE5B51 /* EntryTableViewCell.swift in Sources */,
				50FF1D9C28681A6B00EE5B51 /* AppDelegate.swift in Sources */,
				50EBA02328914A38003C296C /* Help.swift in Sources */,
				50D1A20428A376C800836279 /* ContentView.swift in Sources */,
				509561A4289795BE0044FEE8 /* Attachment+CoreDataClass.swift in Sources */,
				50FF1D9E28681A6B00EE5B51 /* SceneDelegate.swift in Sources */,
				509C4E87288FAE7C00F629F2 /* DetailViewController.swift in Sources */,
				509561A2289795BE0044FEE8 /* Entry+CoreDataClass.swift in Sources */,
				50FF1DA628681A6B00EE5B51 /* Flash_UIKit.xcdatamodeld in Sources */,
				50D1A20A28A37E6D00836279 /* EntryEditorView.swift in Sources */,
				507D6C1C2898EB0400564093 /* Attachment+CoreDataProperties.swift in Sources */,
				50D1A20628A37E5500836279 /* ReplyToView.swift in Sources */,
			);
			runOnlyForDeploymentPostprocessing = 0;
		};
/* End PBXSourcesBuildPhase section */

/* Begin PBXVariantGroup section */
		50FF1DA928681A6D00EE5B51 /* LaunchScreen.storyboard */ = {
			isa = PBXVariantGroup;
			children = (
				50FF1DAA28681A6D00EE5B51 /* Base */,
			);
			name = LaunchScreen.storyboard;
			sourceTree = "<group>";
		};
/* End PBXVariantGroup section */

/* Begin XCBuildConfiguration section */
		50FF1DAD28681A6D00EE5B51 /* Debug */ = {
			isa = XCBuildConfiguration;
			buildSettings = {
				ALWAYS_SEARCH_USER_PATHS = NO;
				CLANG_ANALYZER_NONNULL = YES;
				CLANG_ANALYZER_NUMBER_OBJECT_CONVERSION = YES_AGGRESSIVE;
				CLANG_CXX_LANGUAGE_STANDARD = "gnu++17";
				CLANG_ENABLE_MODULES = YES;
				CLANG_ENABLE_OBJC_ARC = YES;
				CLANG_ENABLE_OBJC_WEAK = YES;
				CLANG_WARN_BLOCK_CAPTURE_AUTORELEASING = YES;
				CLANG_WARN_BOOL_CONVERSION = YES;
				CLANG_WARN_COMMA = YES;
				CLANG_WARN_CONSTANT_CONVERSION = YES;
				CLANG_WARN_DEPRECATED_OBJC_IMPLEMENTATIONS = YES;
				CLANG_WARN_DIRECT_OBJC_ISA_USAGE = YES_ERROR;
				CLANG_WARN_DOCUMENTATION_COMMENTS = YES;
				CLANG_WARN_EMPTY_BODY = YES;
				CLANG_WARN_ENUM_CONVERSION = YES;
				CLANG_WARN_INFINITE_RECURSION = YES;
				CLANG_WARN_INT_CONVERSION = YES;
				CLANG_WARN_NON_LITERAL_NULL_CONVERSION = YES;
				CLANG_WARN_OBJC_IMPLICIT_RETAIN_SELF = YES;
				CLANG_WARN_OBJC_LITERAL_CONVERSION = YES;
				CLANG_WARN_OBJC_ROOT_CLASS = YES_ERROR;
				CLANG_WARN_QUOTED_INCLUDE_IN_FRAMEWORK_HEADER = YES;
				CLANG_WARN_RANGE_LOOP_ANALYSIS = YES;
				CLANG_WARN_STRICT_PROTOTYPES = YES;
				CLANG_WARN_SUSPICIOUS_MOVE = YES;
				CLANG_WARN_UNGUARDED_AVAILABILITY = YES_AGGRESSIVE;
				CLANG_WARN_UNREACHABLE_CODE = YES;
				CLANG_WARN__DUPLICATE_METHOD_MATCH = YES;
				COPY_PHASE_STRIP = NO;
				DEBUG_INFORMATION_FORMAT = dwarf;
				ENABLE_STRICT_OBJC_MSGSEND = YES;
				ENABLE_TESTABILITY = YES;
				GCC_C_LANGUAGE_STANDARD = gnu11;
				GCC_DYNAMIC_NO_PIC = NO;
				GCC_NO_COMMON_BLOCKS = YES;
				GCC_OPTIMIZATION_LEVEL = 0;
				GCC_PREPROCESSOR_DEFINITIONS = (
					"DEBUG=1",
					"$(inherited)",
				);
				GCC_WARN_64_TO_32_BIT_CONVERSION = YES;
				GCC_WARN_ABOUT_RETURN_TYPE = YES_ERROR;
				GCC_WARN_UNDECLARED_SELECTOR = YES;
				GCC_WARN_UNINITIALIZED_AUTOS = YES_AGGRESSIVE;
				GCC_WARN_UNUSED_FUNCTION = YES;
				GCC_WARN_UNUSED_VARIABLE = YES;
				IPHONEOS_DEPLOYMENT_TARGET = 15.0;
				MTL_ENABLE_DEBUG_INFO = INCLUDE_SOURCE;
				MTL_FAST_MATH = YES;
				ONLY_ACTIVE_ARCH = YES;
				SDKROOT = iphoneos;
				SWIFT_ACTIVE_COMPILATION_CONDITIONS = DEBUG;
				SWIFT_OPTIMIZATION_LEVEL = "-Onone";
			};
			name = Debug;
		};
		50FF1DAE28681A6D00EE5B51 /* Release */ = {
			isa = XCBuildConfiguration;
			buildSettings = {
				ALWAYS_SEARCH_USER_PATHS = NO;
				CLANG_ANALYZER_NONNULL = YES;
				CLANG_ANALYZER_NUMBER_OBJECT_CONVERSION = YES_AGGRESSIVE;
				CLANG_CXX_LANGUAGE_STANDARD = "gnu++17";
				CLANG_ENABLE_MODULES = YES;
				CLANG_ENABLE_OBJC_ARC = YES;
				CLANG_ENABLE_OBJC_WEAK = YES;
				CLANG_WARN_BLOCK_CAPTURE_AUTORELEASING = YES;
				CLANG_WARN_BOOL_CONVERSION = YES;
				CLANG_WARN_COMMA = YES;
				CLANG_WARN_CONSTANT_CONVERSION = YES;
				CLANG_WARN_DEPRECATED_OBJC_IMPLEMENTATIONS = YES;
				CLANG_WARN_DIRECT_OBJC_ISA_USAGE = YES_ERROR;
				CLANG_WARN_DOCUMENTATION_COMMENTS = YES;
				CLANG_WARN_EMPTY_BODY = YES;
				CLANG_WARN_ENUM_CONVERSION = YES;
				CLANG_WARN_INFINITE_RECURSION = YES;
				CLANG_WARN_INT_CONVERSION = YES;
				CLANG_WARN_NON_LITERAL_NULL_CONVERSION = YES;
				CLANG_WARN_OBJC_IMPLICIT_RETAIN_SELF = YES;
				CLANG_WARN_OBJC_LITERAL_CONVERSION = YES;
				CLANG_WARN_OBJC_ROOT_CLASS = YES_ERROR;
				CLANG_WARN_QUOTED_INCLUDE_IN_FRAMEWORK_HEADER = YES;
				CLANG_WARN_RANGE_LOOP_ANALYSIS = YES;
				CLANG_WARN_STRICT_PROTOTYPES = YES;
				CLANG_WARN_SUSPICIOUS_MOVE = YES;
				CLANG_WARN_UNGUARDED_AVAILABILITY = YES_AGGRESSIVE;
				CLANG_WARN_UNREACHABLE_CODE = YES;
				CLANG_WARN__DUPLICATE_METHOD_MATCH = YES;
				COPY_PHASE_STRIP = NO;
				DEBUG_INFORMATION_FORMAT = "dwarf-with-dsym";
				ENABLE_NS_ASSERTIONS = NO;
				ENABLE_STRICT_OBJC_MSGSEND = YES;
				GCC_C_LANGUAGE_STANDARD = gnu11;
				GCC_NO_COMMON_BLOCKS = YES;
				GCC_WARN_64_TO_32_BIT_CONVERSION = YES;
				GCC_WARN_ABOUT_RETURN_TYPE = YES_ERROR;
				GCC_WARN_UNDECLARED_SELECTOR = YES;
				GCC_WARN_UNINITIALIZED_AUTOS = YES_AGGRESSIVE;
				GCC_WARN_UNUSED_FUNCTION = YES;
				GCC_WARN_UNUSED_VARIABLE = YES;
				IPHONEOS_DEPLOYMENT_TARGET = 15.0;
				MTL_ENABLE_DEBUG_INFO = NO;
				MTL_FAST_MATH = YES;
				SDKROOT = iphoneos;
				SWIFT_COMPILATION_MODE = wholemodule;
				SWIFT_OPTIMIZATION_LEVEL = "-O";
				VALIDATE_PRODUCT = YES;
			};
			name = Release;
		};
		50FF1DB028681A6D00EE5B51 /* Debug */ = {
			isa = XCBuildConfiguration;
			baseConfigurationReference = F8AC478B1A089A64B904589D /* Pods-Inbox.debug.xcconfig */;
			buildSettings = {
				ASSETCATALOG_COMPILER_APPICON_NAME = AppIcon;
				ASSETCATALOG_COMPILER_GLOBAL_ACCENT_COLOR_NAME = AccentColor;
				CODE_SIGN_STYLE = Automatic;
				CURRENT_PROJECT_VERSION = 1;
				DEVELOPMENT_TEAM = WX2JA5FWNQ;
				GENERATE_INFOPLIST_FILE = YES;
				INFOPLIST_FILE = Inbox/Info.plist;
				INFOPLIST_KEY_CFBundleDisplayName = Inbox;
				INFOPLIST_KEY_UIApplicationSupportsIndirectInputEvents = YES;
				INFOPLIST_KEY_UILaunchStoryboardName = LaunchScreen;
				INFOPLIST_KEY_UISupportedInterfaceOrientations = UIInterfaceOrientationPortrait;
				INFOPLIST_KEY_UISupportedInterfaceOrientations_iPad = "UIInterfaceOrientationPortrait UIInterfaceOrientationPortraitUpsideDown UIInterfaceOrientationLandscapeLeft UIInterfaceOrientationLandscapeRight";
				INFOPLIST_KEY_UISupportedInterfaceOrientations_iPhone = "UIInterfaceOrientationPortrait UIInterfaceOrientationLandscapeLeft UIInterfaceOrientationLandscapeRight";
				IPHONEOS_DEPLOYMENT_TARGET = 15.0;
				LD_RUNPATH_SEARCH_PATHS = (
					"$(inherited)",
					"@executable_path/Frameworks",
				);
				MARKETING_VERSION = 1.0;
				PRODUCT_BUNDLE_IDENTIFIER = com.maxos.inbox;
				PRODUCT_NAME = "$(TARGET_NAME)";
				SWIFT_EMIT_LOC_STRINGS = YES;
				SWIFT_VERSION = 5.0;
				TARGETED_DEVICE_FAMILY = 1;
			};
			name = Debug;
		};
		50FF1DB128681A6D00EE5B51 /* Release */ = {
			isa = XCBuildConfiguration;
			baseConfigurationReference = 1CA7EB5F2FD7C0D16E434301 /* Pods-Inbox.release.xcconfig */;
			buildSettings = {
				ASSETCATALOG_COMPILER_APPICON_NAME = AppIcon;
				ASSETCATALOG_COMPILER_GLOBAL_ACCENT_COLOR_NAME = AccentColor;
				CODE_SIGN_STYLE = Automatic;
				CURRENT_PROJECT_VERSION = 1;
				DEVELOPMENT_TEAM = WX2JA5FWNQ;
				GENERATE_INFOPLIST_FILE = YES;
				INFOPLIST_FILE = Inbox/Info.plist;
				INFOPLIST_KEY_CFBundleDisplayName = Inbox;
				INFOPLIST_KEY_UIApplicationSupportsIndirectInputEvents = YES;
				INFOPLIST_KEY_UILaunchStoryboardName = LaunchScreen;
				INFOPLIST_KEY_UISupportedInterfaceOrientations = UIInterfaceOrientationPortrait;
				INFOPLIST_KEY_UISupportedInterfaceOrientations_iPad = "UIInterfaceOrientationPortrait UIInterfaceOrientationPortraitUpsideDown UIInterfaceOrientationLandscapeLeft UIInterfaceOrientationLandscapeRight";
				INFOPLIST_KEY_UISupportedInterfaceOrientations_iPhone = "UIInterfaceOrientationPortrait UIInterfaceOrientationLandscapeLeft UIInterfaceOrientationLandscapeRight";
				IPHONEOS_DEPLOYMENT_TARGET = 15.0;
				LD_RUNPATH_SEARCH_PATHS = (
					"$(inherited)",
					"@executable_path/Frameworks",
				);
				MARKETING_VERSION = 1.0;
				PRODUCT_BUNDLE_IDENTIFIER = com.maxos.inbox;
				PRODUCT_NAME = "$(TARGET_NAME)";
				SWIFT_EMIT_LOC_STRINGS = YES;
				SWIFT_VERSION = 5.0;
				TARGETED_DEVICE_FAMILY = 1;
			};
			name = Release;
		};
/* End XCBuildConfiguration section */

/* Begin XCConfigurationList section */
		50FF1D9328681A6B00EE5B51 /* Build configuration list for PBXProject "Inbox" */ = {
			isa = XCConfigurationList;
			buildConfigurations = (
				50FF1DAD28681A6D00EE5B51 /* Debug */,
				50FF1DAE28681A6D00EE5B51 /* Release */,
			);
			defaultConfigurationIsVisible = 0;
			defaultConfigurationName = Release;
		};
		50FF1DAF28681A6D00EE5B51 /* Build configuration list for PBXNativeTarget "Inbox" */ = {
			isa = XCConfigurationList;
			buildConfigurations = (
				50FF1DB028681A6D00EE5B51 /* Debug */,
				50FF1DB128681A6D00EE5B51 /* Release */,
			);
			defaultConfigurationIsVisible = 0;
			defaultConfigurationName = Release;
		};
/* End XCConfigurationList section */

/* Begin XCVersionGroup section */
		50FF1DA428681A6B00EE5B51 /* Flash_UIKit.xcdatamodeld */ = {
			isa = XCVersionGroup;
			children = (
				509C4E6028845A0F00F629F2 /* 1.0.0.xcdatamodel */,
				50FF1DA528681A6B00EE5B51 /* Flash_UIKit.xcdatamodel */,
			);
			currentVersion = 50FF1DA528681A6B00EE5B51 /* Flash_UIKit.xcdatamodel */;
			path = Flash_UIKit.xcdatamodeld;
			sourceTree = "<group>";
			versionGroupType = wrapper.xcdatamodel;
		};
/* End XCVersionGroup section */
	};
	rootObject = 50FF1D9028681A6B00EE5B51 /* Project object */;
}
